
Microsoft Visual Studio Solution File, Format Version 12.00
# Visual Studio 15
Project("{FAE04EC0-301F-11D3-BF4B-00C04F79EFBC}") = "Assembly-CSharp", "Assembly-CSharp.csproj", "{DE67DE2A-613F-C00B-46BB-392C1D3B14B7}"
EndProject
Project("{FAE04EC0-301F-11D3-BF4B-00C04F79EFBC}") = "Assembly-CSharp-Editor", "Assembly-CSharp-Editor.csproj", "{A6680BEC-FEAB-AEBD-1313-FA27B4A0A784}"
EndProject
Global
	GlobalSection(SolutionConfigurationPlatforms) = preSolution
		Debug|Any CPU = Debug|Any CPU
		Release|Any CPU = Release|Any CPU
	EndGlobalSection
	GlobalSection(ProjectConfigurationPlatforms) = postSolution
		{DE67DE2A-613F-C00B-46BB-392C1D3B14B7}.Debug|Any CPU.ActiveCfg = Debug|Any CPU
		{DE67DE2A-613F-C00B-46BB-392C1D3B14B7}.Debug|Any CPU.Build.0 = Debug|Any CPU
		{DE67DE2A-613F-C00B-46BB-392C1D3B14B7}.Release|Any CPU.ActiveCfg = Release|Any CPU
		{DE67DE2A-613F-C00B-46BB-392C1D3B14B7}.Release|Any CPU.Build.0 = Release|Any CPU
		{A6680BEC-FEAB-AEBD-1313-FA27B4A0A784}.Debug|Any CPU.ActiveCfg = Debug|Any CPU
		{A6680BEC-FEAB-AEBD-1313-FA27B4A0A784}.Debug|Any CPU.Build.0 = Debug|Any CPU
		{A6680BEC-FEAB-AEBD-1313-FA27B4A0A784}.Release|Any CPU.ActiveCfg = Release|Any CPU
		{A6680BEC-FEAB-AEBD-1313-FA27B4A0A784}.Release|Any CPU.Build.0 = Release|Any CPU
	EndGlobalSection
	GlobalSection(SolutionProperties) = preSolution
		HideSolutionNode = FALSE
	EndGlobalSection
EndGlobal
